
Microsoft Visual Studio Solution File, Format Version 12.00
# Visual Studio Version 17
VisualStudioVersion = 17.4.33213.308
MinimumVisualStudioVersion = 10.0.40219.1
Project("{FAE04EC0-301F-11D3-BF4B-00C04F79EFBC}") = "App.LearningManagement", "App.LearningManagement.csproj", "{6C0D841C-0873-41CB-A399-67276D0513BE}"
EndProject
Project("{FAE04EC0-301F-11D3-BF4B-00C04F79EFBC}") = "Library.LearningManagement", "..\Library.LearningManagement\Library.LearningManagement.csproj", "{ED047D8B-D992-4DAC-8CB9-7C1C95AA043D}"
EndProject
Global
	GlobalSection(SolutionConfigurationPlatforms) = preSolution
		Debug|Any CPU = Debug|Any CPU
		Release|Any CPU = Release|Any CPU
	EndGlobalSection
	GlobalSection(ProjectConfigurationPlatforms) = postSolution
		{6C0D841C-0873-41CB-A399-67276D0513BE}.Debug|Any CPU.ActiveCfg = Debug|Any CPU
		{6C0D841C-0873-41CB-A399-67276D0513BE}.Debug|Any CPU.Build.0 = Debug|Any CPU
		{6C0D841C-0873-41CB-A399-67276D0513BE}.Release|Any CPU.ActiveCfg = Release|Any CPU
		{6C0D841C-0873-41CB-A399-67276D0513BE}.Release|Any CPU.Build.0 = Release|Any CPU
		{ED047D8B-D992-4DAC-8CB9-7C1C95AA043D}.Debug|Any CPU.ActiveCfg = Debug|Any CPU
		{ED047D8B-D992-4DAC-8CB9-7C1C95AA043D}.Debug|Any CPU.Build.0 = Debug|Any CPU
		{ED047D8B-D992-4DAC-8CB9-7C1C95AA043D}.Release|Any CPU.ActiveCfg = Release|Any CPU
		{ED047D8B-D992-4DAC-8CB9-7C1C95AA043D}.Release|Any CPU.Build.0 = Release|Any CPU
	EndGlobalSection
	GlobalSection(SolutionProperties) = preSolution
		HideSolutionNode = FALSE
	EndGlobalSection
	GlobalSection(ExtensibilityGlobals) = postSolution
		SolutionGuid = {6B4120CD-3FC1-4B50-8C07-2A0E3CCB3799}
	EndGlobalSection
EndGlobal
